
Microsoft Visual Studio Solution File, Format Version 12.00
# Visual Studio Version 16
VisualStudioVersion = 16.0.29519.87
MinimumVisualStudioVersion = 10.0.40219.1
Project("{FAE04EC0-301F-11D3-BF4B-00C04F79EFBC}") = "Kts.Gis", "Kts.Gis\Kts.Gis.csproj", "{FF5E506B-AC27-4527-8478-244650F7BF21}"
EndProject
Project("{FAE04EC0-301F-11D3-BF4B-00C04F79EFBC}") = "Kts.Utilities", "Kts.Utilities\Kts.Utilities.csproj", "{9975DA8F-AA06-45E2-A010-7382B85083CA}"
EndProject
Project("{FAE04EC0-301F-11D3-BF4B-00C04F79EFBC}") = "Kts.Settings", "Kts.Settings\Kts.Settings.csproj", "{544C78C8-B95C-4465-BD0F-049D13282E49}"
EndProject
Project("{FAE04EC0-301F-11D3-BF4B-00C04F79EFBC}") = "Kts.History", "Kts.History\Kts.History.csproj", "{F444599D-728E-4B15-8262-770E4ED0198F}"
EndProject
Project("{FAE04EC0-301F-11D3-BF4B-00C04F79EFBC}") = "Kts.Gis.Models", "Kts.Gis.Models\Kts.Gis.Models.csproj", "{FA353771-8B38-4C9E-B506-A730D95B42DB}"
EndProject
Project("{FAE04EC0-301F-11D3-BF4B-00C04F79EFBC}") = "Kts.Gis.Data", "Kts.Gis.Data\Kts.Gis.Data.csproj", "{920479B2-F0A8-462E-A0B3-150222F178DF}"
EndProject
Project("{FAE04EC0-301F-11D3-BF4B-00C04F79EFBC}") = "Kts.Gis.Substrates", "Kts.Gis.Substrates\Kts.Gis.Substrates.csproj", "{879C6CFE-357A-4F45-95C7-B5390FCA1097}"
EndProject
Project("{FAE04EC0-301F-11D3-BF4B-00C04F79EFBC}") = "Kts.Messaging", "Kts.Messaging\Kts.Messaging.csproj", "{8C83E690-7CA1-49EB-ABF3-2DF9260316E9}"
EndProject
Project("{FAE04EC0-301F-11D3-BF4B-00C04F79EFBC}") = "Kts.WpfUtilities", "Kts.WpfUtilities\Kts.WpfUtilities.csproj", "{866DACB2-DFDA-47A0-A9FD-49B8A5CCBD7F}"
EndProject
Project("{FAE04EC0-301F-11D3-BF4B-00C04F79EFBC}") = "Kts.Importer", "Kts.Importer\Kts.Importer.csproj", "{C3A6B7FD-242F-4FE1-94D2-9CC07EA403D3}"
EndProject
Project("{FAE04EC0-301F-11D3-BF4B-00C04F79EFBC}") = "Kts.Importer.Data", "Kts.Importer.Data\Kts.Importer.Data.csproj", "{6F39C75C-E04D-4497-92A8-2446C7E996D7}"
EndProject
Project("{FAE04EC0-301F-11D3-BF4B-00C04F79EFBC}") = "Kts.ParameterGrid", "Kts.ParameterGrid\Kts.ParameterGrid.csproj", "{806DCAF5-056F-4C53-B671-6057211B4830}"
EndProject
Project("{FAE04EC0-301F-11D3-BF4B-00C04F79EFBC}") = "Kts.Excel", "Kts.Excel\Kts.Excel.csproj", "{D10C083E-98C7-438F-925B-0ADFC583CE52}"
EndProject
Project("{FAE04EC0-301F-11D3-BF4B-00C04F79EFBC}") = "Kts.Gis.Reports", "Kts.Gis.Reports\Kts.Gis.Reports.csproj", "{3FF9B974-DB03-44B0-A771-DC4EFA5062CD}"
EndProject
Project("{FAE04EC0-301F-11D3-BF4B-00C04F79EFBC}") = "WpfCustomMessageBox", "WpfCustomMessageBox\WpfCustomMessageBox.csproj", "{94E7DA94-5A44-4716-AC55-1AEACBCA4FAB}"
EndProject
Project("{FAE04EC0-301F-11D3-BF4B-00C04F79EFBC}") = "Kts.PublishHelper", "Kts.PublishHelper\Kts.PublishHelper.csproj", "{392F21E4-84BE-4C5D-993F-ADA0BA853486}"
EndProject
Project("{FAE04EC0-301F-11D3-BF4B-00C04F79EFBC}") = "Kts.SubstrateHelper", "Kts.SubstrateHelper\Kts.SubstrateHelper.csproj", "{4FE8020B-25F7-4687-A80F-19EC679DAE18}"
EndProject
Project("{FAE04EC0-301F-11D3-BF4B-00C04F79EFBC}") = "Kts.EncryptorDecryptor", "Kts.EncryptorDecryptor\Kts.EncryptorDecryptor.csproj", "{96334AF1-603F-46E1-900C-882FE83B6BB5}"
EndProject
Project("{FAE04EC0-301F-11D3-BF4B-00C04F79EFBC}") = "Kts.GisUpdater", "Kts.GisUpdater\Kts.GisUpdater.csproj", "{349EEB37-DC72-445D-8F1F-829B8AC5D5A1}"
EndProject
Project("{FAE04EC0-301F-11D3-BF4B-00C04F79EFBC}") = "Kts.Updater", "Kts.Updater\Kts.Updater.csproj", "{09F0ABA6-0A95-480D-8E1C-D8CF3F8AFD7C}"
EndProject
Project("{FAE04EC0-301F-11D3-BF4B-00C04F79EFBC}") = "Kts.XpsToImg", "Kts.XpsToImg\Kts.XpsToImg.csproj", "{5AEE04AF-35FC-411C-8E44-545F1B6642DB}"
EndProject
Project("{FAE04EC0-301F-11D3-BF4B-00C04F79EFBC}") = "Kts.AdministrationTool", "Kts.AdministrationTool\Kts.AdministrationTool.csproj", "{587E93D2-B4A1-4678-8199-12142177E332}"
	ProjectSection(ProjectDependencies) = postProject
		{FF5E506B-AC27-4527-8478-244650F7BF21} = {FF5E506B-AC27-4527-8478-244650F7BF21}
		{866DACB2-DFDA-47A0-A9FD-49B8A5CCBD7F} = {866DACB2-DFDA-47A0-A9FD-49B8A5CCBD7F}
	EndProjectSection
EndProject
Project("{FAE04EC0-301F-11D3-BF4B-00C04F79EFBC}") = "LersConsole", "LersConsole\LersConsole.csproj", "{BE12C86A-5E55-4E82-8C89-D2F31E85EEF2}"
EndProject
Project("{FAE04EC0-301F-11D3-BF4B-00C04F79EFBC}") = "LersService", "LersService\LersService.csproj", "{18693252-A91A-4DC8-8504-7A56B6AC5A07}"
EndProject
Project("{FAE04EC0-301F-11D3-BF4B-00C04F79EFBC}") = "Kts.LerpService", "Kts.LerpService\Kts.LerpService.csproj", "{7E1349D9-2171-42AE-95FC-C4EE961D91F7}"
EndProject
Project("{FAE04EC0-301F-11D3-BF4B-00C04F79EFBC}") = "testConsole", "testConsole\testConsole.csproj", "{6BC4F772-3F26-4BF4-9B36-2E9A7CCCE4E9}"
EndProject
Project("{FAE04EC0-301F-11D3-BF4B-00C04F79EFBC}") = "Kts.GisHost", "Kts.GisHost\Kts.GisHost.csproj", "{3D4AEEF7-42B0-4403-830E-D94FB80707B5}"
EndProject
Project("{FAE04EC0-301F-11D3-BF4B-00C04F79EFBC}") = "Kts.GisClientTest", "Kts.GisClientTest\Kts.GisClientTest.csproj", "{9505FAB8-BAE2-46C6-A6B4-029A632E7719}"
EndProject
Project("{FAE04EC0-301F-11D3-BF4B-00C04F79EFBC}") = "testWPFApplication", "testWPFApplication\testWPFApplication.csproj", "{6EA60C73-67A0-40BD-AB49-5D4B89CF7CAA}"
EndProject
Project("{FAE04EC0-301F-11D3-BF4B-00C04F79EFBC}") = "WCFClientWithoutFactory", "WCFClientWithoutFactory\WCFClientWithoutFactory.csproj", "{DAB78BA2-62E2-49C5-8D56-9E5B52D7AB10}"
EndProject
Project("{FAE04EC0-301F-11D3-BF4B-00C04F79EFBC}") = "Kts.MobileApplication.Android", "Kts.MobileApplication\Kts.MobileApplication.Android\Kts.MobileApplication.Android.csproj", "{6EF64071-4056-4F78-BA78-7F75C923EA62}"
EndProject
Project("{FAE04EC0-301F-11D3-BF4B-00C04F79EFBC}") = "Kts.MobileApplication.iOS", "Kts.MobileApplication\Kts.MobileApplication.iOS\Kts.MobileApplication.iOS.csproj", "{1893F4F8-6B18-4BFB-BF35-D91150B8F380}"
EndProject
Project("{9A19103F-16F7-4668-BE54-9A1E7A4F7556}") = "Kts.MobileApplication", "Kts.MobileApplication\Kts.MobileApplication\Kts.MobileApplication.csproj", "{103F023A-6BB3-467A-88EA-625839654C6F}"
EndProject
Project("{FAE04EC0-301F-11D3-BF4B-00C04F79EFBC}") = "testXamarin.Android", "testXamarin\testXamarin.Android\testXamarin.Android.csproj", "{567C49AE-2FDD-4B78-8640-5CABF25C01EA}"
EndProject
Project("{FAE04EC0-301F-11D3-BF4B-00C04F79EFBC}") = "testXamarin.iOS", "testXamarin\testXamarin.iOS\testXamarin.iOS.csproj", "{5D7057D1-DBC5-4336-8A5E-ED621897FEEB}"
EndProject
Project("{9A19103F-16F7-4668-BE54-9A1E7A4F7556}") = "testXamarin", "testXamarin\testXamarin\testXamarin.csproj", "{A046074A-55E6-4250-96C8-D305CE27BE09}"
EndProject
Project("{FAE04EC0-301F-11D3-BF4B-00C04F79EFBC}") = "Kts.Gis.TestData", "Kts.Gis.TestData\Kts.Gis.TestData.csproj", "{203BFE8C-AAEE-4148-A696-E1ABEF7CBDED}"
EndProject
Project("{9A19103F-16F7-4668-BE54-9A1E7A4F7556}") = "Kts.Gis.ViewModel", "Kts.Gis.ViewModel\Kts.Gis.ViewModel.csproj", "{EB2D4844-2D40-4A79-A344-4D8C6164C8E7}"
EndProject
Project("{FAE04EC0-301F-11D3-BF4B-00C04F79EFBC}") = "Kts.XamarinCommonLib", "Kts.XamarinCommonLib\Kts.XamarinCommonLib.csproj", "{C9D02DB5-6DCA-4C03-939C-238814A69A65}"
EndProject
Project("{54435603-DBB4-11D2-8724-00A0C9A8B90C}") = "InstallKts", "InstallKts\InstallKts.vdproj", "{BFEFB8D5-F879-4DF5-8844-F1A750013735}"
EndProject
Project("{FAE04EC0-301F-11D3-BF4B-00C04F79EFBC}") = "KtsInstall", "KtsInstall\KtsInstall.csproj", "{C8F50D5D-1204-4AF0-BBDC-D50B9691ABBB}"
EndProject
Global
	GlobalSection(SolutionConfigurationPlatforms) = preSolution
		Debug|Any CPU = Debug|Any CPU
		Debug|iPhone = Debug|iPhone
		Debug|iPhoneSimulator = Debug|iPhoneSimulator
		Release|Any CPU = Release|Any CPU
		Release|iPhone = Release|iPhone
		Release|iPhoneSimulator = Release|iPhoneSimulator
	EndGlobalSection
	GlobalSection(ProjectConfigurationPlatforms) = postSolution
		{FF5E506B-AC27-4527-8478-244650F7BF21}.Debug|Any CPU.ActiveCfg = Debug|Any CPU
		{FF5E506B-AC27-4527-8478-244650F7BF21}.Debug|Any CPU.Build.0 = Debug|Any CPU
		{FF5E506B-AC27-4527-8478-244650F7BF21}.Debug|iPhone.ActiveCfg = Debug|Any CPU
		{FF5E506B-AC27-4527-8478-244650F7BF21}.Debug|iPhone.Build.0 = Debug|Any CPU
		{FF5E506B-AC27-4527-8478-244650F7BF21}.Debug|iPhoneSimulator.ActiveCfg = Debug|Any CPU
		{FF5E506B-AC27-4527-8478-244650F7BF21}.Debug|iPhoneSimulator.Build.0 = Debug|Any CPU
		{FF5E506B-AC27-4527-8478-244650F7BF21}.Release|Any CPU.ActiveCfg = Release|Any CPU
		{FF5E506B-AC27-4527-8478-244650F7BF21}.Release|Any CPU.Build.0 = Release|Any CPU
		{FF5E506B-AC27-4527-8478-244650F7BF21}.Release|iPhone.ActiveCfg = Release|Any CPU
		{FF5E506B-AC27-4527-8478-244650F7BF21}.Release|iPhone.Build.0 = Release|Any CPU
		{FF5E506B-AC27-4527-8478-244650F7BF21}.Release|iPhoneSimulator.ActiveCfg = Release|Any CPU
		{FF5E506B-AC27-4527-8478-244650F7BF21}.Release|iPhoneSimulator.Build.0 = Release|Any CPU
		{9975DA8F-AA06-45E2-A010-7382B85083CA}.Debug|Any CPU.ActiveCfg = Debug|Any CPU
		{9975DA8F-AA06-45E2-A010-7382B85083CA}.Debug|Any CPU.Build.0 = Debug|Any CPU
		{9975DA8F-AA06-45E2-A010-7382B85083CA}.Debug|iPhone.ActiveCfg = Debug|Any CPU
		{9975DA8F-AA06-45E2-A010-7382B85083CA}.Debug|iPhone.Build.0 = Debug|Any CPU
		{9975DA8F-AA06-45E2-A010-7382B85083CA}.Debug|iPhoneSimulator.ActiveCfg = Debug|Any CPU
		{9975DA8F-AA06-45E2-A010-7382B85083CA}.Debug|iPhoneSimulator.Build.0 = Debug|Any CPU
		{9975DA8F-AA06-45E2-A010-7382B85083CA}.Release|Any CPU.ActiveCfg = Release|Any CPU
		{9975DA8F-AA06-45E2-A010-7382B85083CA}.Release|Any CPU.Build.0 = Release|Any CPU
		{9975DA8F-AA06-45E2-A010-7382B85083CA}.Release|iPhone.ActiveCfg = Release|Any CPU
		{9975DA8F-AA06-45E2-A010-7382B85083CA}.Release|iPhone.Build.0 = Release|Any CPU
		{9975DA8F-AA06-45E2-A010-7382B85083CA}.Release|iPhoneSimulator.ActiveCfg = Release|Any CPU
		{9975DA8F-AA06-45E2-A010-7382B85083CA}.Release|iPhoneSimulator.Build.0 = Release|Any CPU
		{544C78C8-B95C-4465-BD0F-049D13282E49}.Debug|Any CPU.ActiveCfg = Debug|Any CPU
		{544C78C8-B95C-4465-BD0F-049D13282E49}.Debug|Any CPU.Build.0 = Debug|Any CPU
		{544C78C8-B95C-4465-BD0F-049D13282E49}.Debug|iPhone.ActiveCfg = Debug|Any CPU
		{544C78C8-B95C-4465-BD0F-049D13282E49}.Debug|iPhone.Build.0 = Debug|Any CPU
		{544C78C8-B95C-4465-BD0F-049D13282E49}.Debug|iPhoneSimulator.ActiveCfg = Debug|Any CPU
		{544C78C8-B95C-4465-BD0F-049D13282E49}.Debug|iPhoneSimulator.Build.0 = Debug|Any CPU
		{544C78C8-B95C-4465-BD0F-049D13282E49}.Release|Any CPU.ActiveCfg = Release|Any CPU
		{544C78C8-B95C-4465-BD0F-049D13282E49}.Release|Any CPU.Build.0 = Release|Any CPU
		{544C78C8-B95C-4465-BD0F-049D13282E49}.Release|iPhone.ActiveCfg = Release|Any CPU
		{544C78C8-B95C-4465-BD0F-049D13282E49}.Release|iPhone.Build.0 = Release|Any CPU
		{544C78C8-B95C-4465-BD0F-049D13282E49}.Release|iPhoneSimulator.ActiveCfg = Release|Any CPU
		{544C78C8-B95C-4465-BD0F-049D13282E49}.Release|iPhoneSimulator.Build.0 = Release|Any CPU
		{F444599D-728E-4B15-8262-770E4ED0198F}.Debug|Any CPU.ActiveCfg = Debug|Any CPU
		{F444599D-728E-4B15-8262-770E4ED0198F}.Debug|Any CPU.Build.0 = Debug|Any CPU
		{F444599D-728E-4B15-8262-770E4ED0198F}.Debug|iPhone.ActiveCfg = Debug|Any CPU
		{F444599D-728E-4B15-8262-770E4ED0198F}.Debug|iPhone.Build.0 = Debug|Any CPU
		{F444599D-728E-4B15-8262-770E4ED0198F}.Debug|iPhoneSimulator.ActiveCfg = Debug|Any CPU
		{F444599D-728E-4B15-8262-770E4ED0198F}.Debug|iPhoneSimulator.Build.0 = Debug|Any CPU
		{F444599D-728E-4B15-8262-770E4ED0198F}.Release|Any CPU.ActiveCfg = Release|Any CPU
		{F444599D-728E-4B15-8262-770E4ED0198F}.Release|Any CPU.Build.0 = Release|Any CPU
		{F444599D-728E-4B15-8262-770E4ED0198F}.Release|iPhone.ActiveCfg = Release|Any CPU
		{F444599D-728E-4B15-8262-770E4ED0198F}.Release|iPhone.Build.0 = Release|Any CPU
		{F444599D-728E-4B15-8262-770E4ED0198F}.Release|iPhoneSimulator.ActiveCfg = Release|Any CPU
		{F444599D-728E-4B15-8262-770E4ED0198F}.Release|iPhoneSimulator.Build.0 = Release|Any CPU
		{FA353771-8B38-4C9E-B506-A730D95B42DB}.Debug|Any CPU.ActiveCfg = Debug|Any CPU
		{FA353771-8B38-4C9E-B506-A730D95B42DB}.Debug|Any CPU.Build.0 = Debug|Any CPU
		{FA353771-8B38-4C9E-B506-A730D95B42DB}.Debug|iPhone.ActiveCfg = Debug|Any CPU
		{FA353771-8B38-4C9E-B506-A730D95B42DB}.Debug|iPhone.Build.0 = Debug|Any CPU
		{FA353771-8B38-4C9E-B506-A730D95B42DB}.Debug|iPhoneSimulator.ActiveCfg = Debug|Any CPU
		{FA353771-8B38-4C9E-B506-A730D95B42DB}.Debug|iPhoneSimulator.Build.0 = Debug|Any CPU
		{FA353771-8B38-4C9E-B506-A730D95B42DB}.Release|Any CPU.ActiveCfg = Release|Any CPU
		{FA353771-8B38-4C9E-B506-A730D95B42DB}.Release|Any CPU.Build.0 = Release|Any CPU
		{FA353771-8B38-4C9E-B506-A730D95B42DB}.Release|iPhone.ActiveCfg = Release|Any CPU
		{FA353771-8B38-4C9E-B506-A730D95B42DB}.Release|iPhone.Build.0 = Release|Any CPU
		{FA353771-8B38-4C9E-B506-A730D95B42DB}.Release|iPhoneSimulator.ActiveCfg = Release|Any CPU
		{FA353771-8B38-4C9E-B506-A730D95B42DB}.Release|iPhoneSimulator.Build.0 = Release|Any CPU
		{920479B2-F0A8-462E-A0B3-150222F178DF}.Debug|Any CPU.ActiveCfg = Debug|Any CPU
		{920479B2-F0A8-462E-A0B3-150222F178DF}.Debug|Any CPU.Build.0 = Debug|Any CPU
		{920479B2-F0A8-462E-A0B3-150222F178DF}.Debug|iPhone.ActiveCfg = Debug|Any CPU
		{920479B2-F0A8-462E-A0B3-150222F178DF}.Debug|iPhone.Build.0 = Debug|Any CPU
		{920479B2-F0A8-462E-A0B3-150222F178DF}.Debug|iPhoneSimulator.ActiveCfg = Debug|Any CPU
		{920479B2-F0A8-462E-A0B3-150222F178DF}.Debug|iPhoneSimulator.Build.0 = Debug|Any CPU
		{920479B2-F0A8-462E-A0B3-150222F178DF}.Release|Any CPU.ActiveCfg = Release|Any CPU
		{920479B2-F0A8-462E-A0B3-150222F178DF}.Release|Any CPU.Build.0 = Release|Any CPU
		{920479B2-F0A8-462E-A0B3-150222F178DF}.Release|iPhone.ActiveCfg = Release|Any CPU
		{920479B2-F0A8-462E-A0B3-150222F178DF}.Release|iPhone.Build.0 = Release|Any CPU
		{920479B2-F0A8-462E-A0B3-150222F178DF}.Release|iPhoneSimulator.ActiveCfg = Release|Any CPU
		{920479B2-F0A8-462E-A0B3-150222F178DF}.Release|iPhoneSimulator.Build.0 = Release|Any CPU
		{879C6CFE-357A-4F45-95C7-B5390FCA1097}.Debug|Any CPU.ActiveCfg = Debug|Any CPU
		{879C6CFE-357A-4F45-95C7-B5390FCA1097}.Debug|Any CPU.Build.0 = Debug|Any CPU
		{879C6CFE-357A-4F45-95C7-B5390FCA1097}.Debug|iPhone.ActiveCfg = Debug|Any CPU
		{879C6CFE-357A-4F45-95C7-B5390FCA1097}.Debug|iPhone.Build.0 = Debug|Any CPU
		{879C6CFE-357A-4F45-95C7-B5390FCA1097}.Debug|iPhoneSimulator.ActiveCfg = Debug|Any CPU
		{879C6CFE-357A-4F45-95C7-B5390FCA1097}.Debug|iPhoneSimulator.Build.0 = Debug|Any CPU
		{879C6CFE-357A-4F45-95C7-B5390FCA1097}.Release|Any CPU.ActiveCfg = Release|Any CPU
		{879C6CFE-357A-4F45-95C7-B5390FCA1097}.Release|Any CPU.Build.0 = Release|Any CPU
		{879C6CFE-357A-4F45-95C7-B5390FCA1097}.Release|iPhone.ActiveCfg = Release|Any CPU
		{879C6CFE-357A-4F45-95C7-B5390FCA1097}.Release|iPhone.Build.0 = Release|Any CPU
		{879C6CFE-357A-4F45-95C7-B5390FCA1097}.Release|iPhoneSimulator.ActiveCfg = Release|Any CPU
		{879C6CFE-357A-4F45-95C7-B5390FCA1097}.Release|iPhoneSimulator.Build.0 = Release|Any CPU
		{8C83E690-7CA1-49EB-ABF3-2DF9260316E9}.Debug|Any CPU.ActiveCfg = Debug|Any CPU
		{8C83E690-7CA1-49EB-ABF3-2DF9260316E9}.Debug|Any CPU.Build.0 = Debug|Any CPU
		{8C83E690-7CA1-49EB-ABF3-2DF9260316E9}.Debug|iPhone.ActiveCfg = Debug|Any CPU
		{8C83E690-7CA1-49EB-ABF3-2DF9260316E9}.Debug|iPhone.Build.0 = Debug|Any CPU
		{8C83E690-7CA1-49EB-ABF3-2DF9260316E9}.Debug|iPhoneSimulator.ActiveCfg = Debug|Any CPU
		{8C83E690-7CA1-49EB-ABF3-2DF9260316E9}.Debug|iPhoneSimulator.Build.0 = Debug|Any CPU
		{8C83E690-7CA1-49EB-ABF3-2DF9260316E9}.Release|Any CPU.ActiveCfg = Release|Any CPU
		{8C83E690-7CA1-49EB-ABF3-2DF9260316E9}.Release|Any CPU.Build.0 = Release|Any CPU
		{8C83E690-7CA1-49EB-ABF3-2DF9260316E9}.Release|iPhone.ActiveCfg = Release|Any CPU
		{8C83E690-7CA1-49EB-ABF3-2DF9260316E9}.Release|iPhone.Build.0 = Release|Any CPU
		{8C83E690-7CA1-49EB-ABF3-2DF9260316E9}.Release|iPhoneSimulator.ActiveCfg = Release|Any CPU
		{8C83E690-7CA1-49EB-ABF3-2DF9260316E9}.Release|iPhoneSimulator.Build.0 = Release|Any CPU
		{866DACB2-DFDA-47A0-A9FD-49B8A5CCBD7F}.Debug|Any CPU.ActiveCfg = Debug|Any CPU
		{866DACB2-DFDA-47A0-A9FD-49B8A5CCBD7F}.Debug|Any CPU.Build.0 = Debug|Any CPU
		{866DACB2-DFDA-47A0-A9FD-49B8A5CCBD7F}.Debug|iPhone.ActiveCfg = Debug|Any CPU
		{866DACB2-DFDA-47A0-A9FD-49B8A5CCBD7F}.Debug|iPhone.Build.0 = Debug|Any CPU
		{866DACB2-DFDA-47A0-A9FD-49B8A5CCBD7F}.Debug|iPhoneSimulator.ActiveCfg = Debug|Any CPU
		{866DACB2-DFDA-47A0-A9FD-49B8A5CCBD7F}.Debug|iPhoneSimulator.Build.0 = Debug|Any CPU
		{866DACB2-DFDA-47A0-A9FD-49B8A5CCBD7F}.Release|Any CPU.ActiveCfg = Release|Any CPU
		{866DACB2-DFDA-47A0-A9FD-49B8A5CCBD7F}.Release|Any CPU.Build.0 = Release|Any CPU
		{866DACB2-DFDA-47A0-A9FD-49B8A5CCBD7F}.Release|iPhone.ActiveCfg = Release|Any CPU
		{866DACB2-DFDA-47A0-A9FD-49B8A5CCBD7F}.Release|iPhone.Build.0 = Release|Any CPU
		{866DACB2-DFDA-47A0-A9FD-49B8A5CCBD7F}.Release|iPhoneSimulator.ActiveCfg = Release|Any CPU
		{866DACB2-DFDA-47A0-A9FD-49B8A5CCBD7F}.Release|iPhoneSimulator.Build.0 = Release|Any CPU
		{C3A6B7FD-242F-4FE1-94D2-9CC07EA403D3}.Debug|Any CPU.ActiveCfg = Debug|Any CPU
		{C3A6B7FD-242F-4FE1-94D2-9CC07EA403D3}.Debug|Any CPU.Build.0 = Debug|Any CPU
		{C3A6B7FD-242F-4FE1-94D2-9CC07EA403D3}.Debug|iPhone.ActiveCfg = Debug|Any CPU
		{C3A6B7FD-242F-4FE1-94D2-9CC07EA403D3}.Debug|iPhone.Build.0 = Debug|Any CPU
		{C3A6B7FD-242F-4FE1-94D2-9CC07EA403D3}.Debug|iPhoneSimulator.ActiveCfg = Debug|Any CPU
		{C3A6B7FD-242F-4FE1-94D2-9CC07EA403D3}.Debug|iPhoneSimulator.Build.0 = Debug|Any CPU
		{C3A6B7FD-242F-4FE1-94D2-9CC07EA403D3}.Release|Any CPU.ActiveCfg = Release|Any CPU
		{C3A6B7FD-242F-4FE1-94D2-9CC07EA403D3}.Release|Any CPU.Build.0 = Release|Any CPU
		{C3A6B7FD-242F-4FE1-94D2-9CC07EA403D3}.Release|iPhone.ActiveCfg = Release|Any CPU
		{C3A6B7FD-242F-4FE1-94D2-9CC07EA403D3}.Release|iPhone.Build.0 = Release|Any CPU
		{C3A6B7FD-242F-4FE1-94D2-9CC07EA403D3}.Release|iPhoneSimulator.ActiveCfg = Release|Any CPU
		{C3A6B7FD-242F-4FE1-94D2-9CC07EA403D3}.Release|iPhoneSimulator.Build.0 = Release|Any CPU
		{6F39C75C-E04D-4497-92A8-2446C7E996D7}.Debug|Any CPU.ActiveCfg = Debug|Any CPU
		{6F39C75C-E04D-4497-92A8-2446C7E996D7}.Debug|Any CPU.Build.0 = Debug|Any CPU
		{6F39C75C-E04D-4497-92A8-2446C7E996D7}.Debug|iPhone.ActiveCfg = Debug|Any CPU
		{6F39C75C-E04D-4497-92A8-2446C7E996D7}.Debug|iPhone.Build.0 = Debug|Any CPU
		{6F39C75C-E04D-4497-92A8-2446C7E996D7}.Debug|iPhoneSimulator.ActiveCfg = Debug|Any CPU
		{6F39C75C-E04D-4497-92A8-2446C7E996D7}.Debug|iPhoneSimulator.Build.0 = Debug|Any CPU
		{6F39C75C-E04D-4497-92A8-2446C7E996D7}.Release|Any CPU.ActiveCfg = Release|Any CPU
		{6F39C75C-E04D-4497-92A8-2446C7E996D7}.Release|Any CPU.Build.0 = Release|Any CPU
		{6F39C75C-E04D-4497-92A8-2446C7E996D7}.Release|iPhone.ActiveCfg = Release|Any CPU
		{6F39C75C-E04D-4497-92A8-2446C7E996D7}.Release|iPhone.Build.0 = Release|Any CPU
		{6F39C75C-E04D-4497-92A8-2446C7E996D7}.Release|iPhoneSimulator.ActiveCfg = Release|Any CPU
		{6F39C75C-E04D-4497-92A8-2446C7E996D7}.Release|iPhoneSimulator.Build.0 = Release|Any CPU
		{806DCAF5-056F-4C53-B671-6057211B4830}.Debug|Any CPU.ActiveCfg = Debug|Any CPU
		{806DCAF5-056F-4C53-B671-6057211B4830}.Debug|Any CPU.Build.0 = Debug|Any CPU
		{806DCAF5-056F-4C53-B671-6057211B4830}.Debug|iPhone.ActiveCfg = Debug|Any CPU
		{806DCAF5-056F-4C53-B671-6057211B4830}.Debug|iPhone.Build.0 = Debug|Any CPU
		{806DCAF5-056F-4C53-B671-6057211B4830}.Debug|iPhoneSimulator.ActiveCfg = Debug|Any CPU
		{806DCAF5-056F-4C53-B671-6057211B4830}.Debug|iPhoneSimulator.Build.0 = Debug|Any CPU
		{806DCAF5-056F-4C53-B671-6057211B4830}.Release|Any CPU.ActiveCfg = Release|Any CPU
		{806DCAF5-056F-4C53-B671-6057211B4830}.Release|Any CPU.Build.0 = Release|Any CPU
		{806DCAF5-056F-4C53-B671-6057211B4830}.Release|iPhone.ActiveCfg = Release|Any CPU
		{806DCAF5-056F-4C53-B671-6057211B4830}.Release|iPhone.Build.0 = Release|Any CPU
		{806DCAF5-056F-4C53-B671-6057211B4830}.Release|iPhoneSimulator.ActiveCfg = Release|Any CPU
		{806DCAF5-056F-4C53-B671-6057211B4830}.Release|iPhoneSimulator.Build.0 = Release|Any CPU
		{D10C083E-98C7-438F-925B-0ADFC583CE52}.Debug|Any CPU.ActiveCfg = Debug|Any CPU
		{D10C083E-98C7-438F-925B-0ADFC583CE52}.Debug|Any CPU.Build.0 = Debug|Any CPU
		{D10C083E-98C7-438F-925B-0ADFC583CE52}.Debug|iPhone.ActiveCfg = Debug|Any CPU
		{D10C083E-98C7-438F-925B-0ADFC583CE52}.Debug|iPhone.Build.0 = Debug|Any CPU
		{D10C083E-98C7-438F-925B-0ADFC583CE52}.Debug|iPhoneSimulator.ActiveCfg = Debug|Any CPU
		{D10C083E-98C7-438F-925B-0ADFC583CE52}.Debug|iPhoneSimulator.Build.0 = Debug|Any CPU
		{D10C083E-98C7-438F-925B-0ADFC583CE52}.Release|Any CPU.ActiveCfg = Release|Any CPU
		{D10C083E-98C7-438F-925B-0ADFC583CE52}.Release|Any CPU.Build.0 = Release|Any CPU
		{D10C083E-98C7-438F-925B-0ADFC583CE52}.Release|iPhone.ActiveCfg = Release|Any CPU
		{D10C083E-98C7-438F-925B-0ADFC583CE52}.Release|iPhone.Build.0 = Release|Any CPU
		{D10C083E-98C7-438F-925B-0ADFC583CE52}.Release|iPhoneSimulator.ActiveCfg = Release|Any CPU
		{D10C083E-98C7-438F-925B-0ADFC583CE52}.Release|iPhoneSimulator.Build.0 = Release|Any CPU
		{3FF9B974-DB03-44B0-A771-DC4EFA5062CD}.Debug|Any CPU.ActiveCfg = Debug|Any CPU
		{3FF9B974-DB03-44B0-A771-DC4EFA5062CD}.Debug|Any CPU.Build.0 = Debug|Any CPU
		{3FF9B974-DB03-44B0-A771-DC4EFA5062CD}.Debug|iPhone.ActiveCfg = Debug|Any CPU
		{3FF9B974-DB03-44B0-A771-DC4EFA5062CD}.Debug|iPhone.Build.0 = Debug|Any CPU
		{3FF9B974-DB03-44B0-A771-DC4EFA5062CD}.Debug|iPhoneSimulator.ActiveCfg = Debug|Any CPU
		{3FF9B974-DB03-44B0-A771-DC4EFA5062CD}.Debug|iPhoneSimulator.Build.0 = Debug|Any CPU
		{3FF9B974-DB03-44B0-A771-DC4EFA5062CD}.Release|Any CPU.ActiveCfg = Release|Any CPU
		{3FF9B974-DB03-44B0-A771-DC4EFA5062CD}.Release|Any CPU.Build.0 = Release|Any CPU
		{3FF9B974-DB03-44B0-A771-DC4EFA5062CD}.Release|iPhone.ActiveCfg = Release|Any CPU
		{3FF9B974-DB03-44B0-A771-DC4EFA5062CD}.Release|iPhone.Build.0 = Release|Any CPU
		{3FF9B974-DB03-44B0-A771-DC4EFA5062CD}.Release|iPhoneSimulator.ActiveCfg = Release|Any CPU
		{3FF9B974-DB03-44B0-A771-DC4EFA5062CD}.Release|iPhoneSimulator.Build.0 = Release|Any CPU
		{94E7DA94-5A44-4716-AC55-1AEACBCA4FAB}.Debug|Any CPU.ActiveCfg = Debug|Any CPU
		{94E7DA94-5A44-4716-AC55-1AEACBCA4FAB}.Debug|Any CPU.Build.0 = Debug|Any CPU
		{94E7DA94-5A44-4716-AC55-1AEACBCA4FAB}.Debug|iPhone.ActiveCfg = Debug|Any CPU
		{94E7DA94-5A44-4716-AC55-1AEACBCA4FAB}.Debug|iPhone.Build.0 = Debug|Any CPU
		{94E7DA94-5A44-4716-AC55-1AEACBCA4FAB}.Debug|iPhoneSimulator.ActiveCfg = Debug|Any CPU
		{94E7DA94-5A44-4716-AC55-1AEACBCA4FAB}.Debug|iPhoneSimulator.Build.0 = Debug|Any CPU
		{94E7DA94-5A44-4716-AC55-1AEACBCA4FAB}.Release|Any CPU.ActiveCfg = Release|Any CPU
		{94E7DA94-5A44-4716-AC55-1AEACBCA4FAB}.Release|Any CPU.Build.0 = Release|Any CPU
		{94E7DA94-5A44-4716-AC55-1AEACBCA4FAB}.Release|iPhone.ActiveCfg = Release|Any CPU
		{94E7DA94-5A44-4716-AC55-1AEACBCA4FAB}.Release|iPhone.Build.0 = Release|Any CPU
		{94E7DA94-5A44-4716-AC55-1AEACBCA4FAB}.Release|iPhoneSimulator.ActiveCfg = Release|Any CPU
		{94E7DA94-5A44-4716-AC55-1AEACBCA4FAB}.Release|iPhoneSimulator.Build.0 = Release|Any CPU
		{392F21E4-84BE-4C5D-993F-ADA0BA853486}.Debug|Any CPU.ActiveCfg = Debug|Any CPU
		{392F21E4-84BE-4C5D-993F-ADA0BA853486}.Debug|Any CPU.Build.0 = Debug|Any CPU
		{392F21E4-84BE-4C5D-993F-ADA0BA853486}.Debug|iPhone.ActiveCfg = Debug|Any CPU
		{392F21E4-84BE-4C5D-993F-ADA0BA853486}.Debug|iPhone.Build.0 = Debug|Any CPU
		{392F21E4-84BE-4C5D-993F-ADA0BA853486}.Debug|iPhoneSimulator.ActiveCfg = Debug|Any CPU
		{392F21E4-84BE-4C5D-993F-ADA0BA853486}.Debug|iPhoneSimulator.Build.0 = Debug|Any CPU
		{392F21E4-84BE-4C5D-993F-ADA0BA853486}.Release|Any CPU.ActiveCfg = Release|Any CPU
		{392F21E4-84BE-4C5D-993F-ADA0BA853486}.Release|Any CPU.Build.0 = Release|Any CPU
		{392F21E4-84BE-4C5D-993F-ADA0BA853486}.Release|iPhone.ActiveCfg = Release|Any CPU
		{392F21E4-84BE-4C5D-993F-ADA0BA853486}.Release|iPhone.Build.0 = Release|Any CPU
		{392F21E4-84BE-4C5D-993F-ADA0BA853486}.Release|iPhoneSimulator.ActiveCfg = Release|Any CPU
		{392F21E4-84BE-4C5D-993F-ADA0BA853486}.Release|iPhoneSimulator.Build.0 = Release|Any CPU
		{4FE8020B-25F7-4687-A80F-19EC679DAE18}.Debug|Any CPU.ActiveCfg = Debug|Any CPU
		{4FE8020B-25F7-4687-A80F-19EC679DAE18}.Debug|Any CPU.Build.0 = Debug|Any CPU
		{4FE8020B-25F7-4687-A80F-19EC679DAE18}.Debug|iPhone.ActiveCfg = Debug|Any CPU
		{4FE8020B-25F7-4687-A80F-19EC679DAE18}.Debug|iPhone.Build.0 = Debug|Any CPU
		{4FE8020B-25F7-4687-A80F-19EC679DAE18}.Debug|iPhoneSimulator.ActiveCfg = Debug|Any CPU
		{4FE8020B-25F7-4687-A80F-19EC679DAE18}.Debug|iPhoneSimulator.Build.0 = Debug|Any CPU
		{4FE8020B-25F7-4687-A80F-19EC679DAE18}.Release|Any CPU.ActiveCfg = Release|Any CPU
		{4FE8020B-25F7-4687-A80F-19EC679DAE18}.Release|Any CPU.Build.0 = Release|Any CPU
		{4FE8020B-25F7-4687-A80F-19EC679DAE18}.Release|iPhone.ActiveCfg = Release|Any CPU
		{4FE8020B-25F7-4687-A80F-19EC679DAE18}.Release|iPhone.Build.0 = Release|Any CPU
		{4FE8020B-25F7-4687-A80F-19EC679DAE18}.Release|iPhoneSimulator.ActiveCfg = Release|Any CPU
		{4FE8020B-25F7-4687-A80F-19EC679DAE18}.Release|iPhoneSimulator.Build.0 = Release|Any CPU
		{96334AF1-603F-46E1-900C-882FE83B6BB5}.Debug|Any CPU.ActiveCfg = Debug|Any CPU
		{96334AF1-603F-46E1-900C-882FE83B6BB5}.Debug|Any CPU.Build.0 = Debug|Any CPU
		{96334AF1-603F-46E1-900C-882FE83B6BB5}.Debug|iPhone.ActiveCfg = Debug|Any CPU
		{96334AF1-603F-46E1-900C-882FE83B6BB5}.Debug|iPhone.Build.0 = Debug|Any CPU
		{96334AF1-603F-46E1-900C-882FE83B6BB5}.Debug|iPhoneSimulator.ActiveCfg = Debug|Any CPU
		{96334AF1-603F-46E1-900C-882FE83B6BB5}.Debug|iPhoneSimulator.Build.0 = Debug|Any CPU
		{96334AF1-603F-46E1-900C-882FE83B6BB5}.Release|Any CPU.ActiveCfg = Release|Any CPU
		{96334AF1-603F-46E1-900C-882FE83B6BB5}.Release|Any CPU.Build.0 = Release|Any CPU
		{96334AF1-603F-46E1-900C-882FE83B6BB5}.Release|iPhone.ActiveCfg = Release|Any CPU
		{96334AF1-603F-46E1-900C-882FE83B6BB5}.Release|iPhone.Build.0 = Release|Any CPU
		{96334AF1-603F-46E1-900C-882FE83B6BB5}.Release|iPhoneSimulator.ActiveCfg = Release|Any CPU
		{96334AF1-603F-46E1-900C-882FE83B6BB5}.Release|iPhoneSimulator.Build.0 = Release|Any CPU
		{349EEB37-DC72-445D-8F1F-829B8AC5D5A1}.Debug|Any CPU.ActiveCfg = Debug|Any CPU
		{349EEB37-DC72-445D-8F1F-829B8AC5D5A1}.Debug|Any CPU.Build.0 = Debug|Any CPU
		{349EEB37-DC72-445D-8F1F-829B8AC5D5A1}.Debug|iPhone.ActiveCfg = Debug|Any CPU
		{349EEB37-DC72-445D-8F1F-829B8AC5D5A1}.Debug|iPhone.Build.0 = Debug|Any CPU
		{349EEB37-DC72-445D-8F1F-829B8AC5D5A1}.Debug|iPhoneSimulator.ActiveCfg = Debug|Any CPU
		{349EEB37-DC72-445D-8F1F-829B8AC5D5A1}.Debug|iPhoneSimulator.Build.0 = Debug|Any CPU
		{349EEB37-DC72-445D-8F1F-829B8AC5D5A1}.Release|Any CPU.ActiveCfg = Release|Any CPU
		{349EEB37-DC72-445D-8F1F-829B8AC5D5A1}.Release|Any CPU.Build.0 = Release|Any CPU
		{349EEB37-DC72-445D-8F1F-829B8AC5D5A1}.Release|iPhone.ActiveCfg = Release|Any CPU
		{349EEB37-DC72-445D-8F1F-829B8AC5D5A1}.Release|iPhone.Build.0 = Release|Any CPU
		{349EEB37-DC72-445D-8F1F-829B8AC5D5A1}.Release|iPhoneSimulator.ActiveCfg = Release|Any CPU
		{349EEB37-DC72-445D-8F1F-829B8AC5D5A1}.Release|iPhoneSimulator.Build.0 = Release|Any CPU
		{09F0ABA6-0A95-480D-8E1C-D8CF3F8AFD7C}.Debug|Any CPU.ActiveCfg = Debug|Any CPU
		{09F0ABA6-0A95-480D-8E1C-D8CF3F8AFD7C}.Debug|Any CPU.Build.0 = Debug|Any CPU
		{09F0ABA6-0A95-480D-8E1C-D8CF3F8AFD7C}.Debug|iPhone.ActiveCfg = Debug|Any CPU
		{09F0ABA6-0A95-480D-8E1C-D8CF3F8AFD7C}.Debug|iPhone.Build.0 = Debug|Any CPU
		{09F0ABA6-0A95-480D-8E1C-D8CF3F8AFD7C}.Debug|iPhoneSimulator.ActiveCfg = Debug|Any CPU
		{09F0ABA6-0A95-480D-8E1C-D8CF3F8AFD7C}.Debug|iPhoneSimulator.Build.0 = Debug|Any CPU
		{09F0ABA6-0A95-480D-8E1C-D8CF3F8AFD7C}.Release|Any CPU.ActiveCfg = Release|Any CPU
		{09F0ABA6-0A95-480D-8E1C-D8CF3F8AFD7C}.Release|Any CPU.Build.0 = Release|Any CPU
		{09F0ABA6-0A95-480D-8E1C-D8CF3F8AFD7C}.Release|iPhone.ActiveCfg = Release|Any CPU
		{09F0ABA6-0A95-480D-8E1C-D8CF3F8AFD7C}.Release|iPhone.Build.0 = Release|Any CPU
		{09F0ABA6-0A95-480D-8E1C-D8CF3F8AFD7C}.Release|iPhoneSimulator.ActiveCfg = Release|Any CPU
		{09F0ABA6-0A95-480D-8E1C-D8CF3F8AFD7C}.Release|iPhoneSimulator.Build.0 = Release|Any CPU
		{5AEE04AF-35FC-411C-8E44-545F1B6642DB}.Debug|Any CPU.ActiveCfg = Debug|Any CPU
		{5AEE04AF-35FC-411C-8E44-545F1B6642DB}.Debug|Any CPU.Build.0 = Debug|Any CPU
		{5AEE04AF-35FC-411C-8E44-545F1B6642DB}.Debug|iPhone.ActiveCfg = Debug|Any CPU
		{5AEE04AF-35FC-411C-8E44-545F1B6642DB}.Debug|iPhone.Build.0 = Debug|Any CPU
		{5AEE04AF-35FC-411C-8E44-545F1B6642DB}.Debug|iPhoneSimulator.ActiveCfg = Debug|Any CPU
		{5AEE04AF-35FC-411C-8E44-545F1B6642DB}.Debug|iPhoneSimulator.Build.0 = Debug|Any CPU
		{5AEE04AF-35FC-411C-8E44-545F1B6642DB}.Release|Any CPU.ActiveCfg = Release|Any CPU
		{5AEE04AF-35FC-411C-8E44-545F1B6642DB}.Release|Any CPU.Build.0 = Release|Any CPU
		{5AEE04AF-35FC-411C-8E44-545F1B6642DB}.Release|iPhone.ActiveCfg = Release|Any CPU
		{5AEE04AF-35FC-411C-8E44-545F1B6642DB}.Release|iPhone.Build.0 = Release|Any CPU
		{5AEE04AF-35FC-411C-8E44-545F1B6642DB}.Release|iPhoneSimulator.ActiveCfg = Release|Any CPU
		{5AEE04AF-35FC-411C-8E44-545F1B6642DB}.Release|iPhoneSimulator.Build.0 = Release|Any CPU
		{587E93D2-B4A1-4678-8199-12142177E332}.Debug|Any CPU.ActiveCfg = Debug|Any CPU
		{587E93D2-B4A1-4678-8199-12142177E332}.Debug|Any CPU.Build.0 = Debug|Any CPU
		{587E93D2-B4A1-4678-8199-12142177E332}.Debug|iPhone.ActiveCfg = Debug|Any CPU
		{587E93D2-B4A1-4678-8199-12142177E332}.Debug|iPhone.Build.0 = Debug|Any CPU
		{587E93D2-B4A1-4678-8199-12142177E332}.Debug|iPhoneSimulator.ActiveCfg = Debug|Any CPU
		{587E93D2-B4A1-4678-8199-12142177E332}.Debug|iPhoneSimulator.Build.0 = Debug|Any CPU
		{587E93D2-B4A1-4678-8199-12142177E332}.Release|Any CPU.ActiveCfg = Release|Any CPU
		{587E93D2-B4A1-4678-8199-12142177E332}.Release|Any CPU.Build.0 = Release|Any CPU
		{587E93D2-B4A1-4678-8199-12142177E332}.Release|iPhone.ActiveCfg = Release|Any CPU
		{587E93D2-B4A1-4678-8199-12142177E332}.Release|iPhone.Build.0 = Release|Any CPU
		{587E93D2-B4A1-4678-8199-12142177E332}.Release|iPhoneSimulator.ActiveCfg = Release|Any CPU
		{587E93D2-B4A1-4678-8199-12142177E332}.Release|iPhoneSimulator.Build.0 = Release|Any CPU
		{BE12C86A-5E55-4E82-8C89-D2F31E85EEF2}.Debug|Any CPU.ActiveCfg = Debug|Any CPU
		{BE12C86A-5E55-4E82-8C89-D2F31E85EEF2}.Debug|Any CPU.Build.0 = Debug|Any CPU
		{BE12C86A-5E55-4E82-8C89-D2F31E85EEF2}.Debug|iPhone.ActiveCfg = Debug|Any CPU
		{BE12C86A-5E55-4E82-8C89-D2F31E85EEF2}.Debug|iPhone.Build.0 = Debug|Any CPU
		{BE12C86A-5E55-4E82-8C89-D2F31E85EEF2}.Debug|iPhoneSimulator.ActiveCfg = Debug|Any CPU
		{BE12C86A-5E55-4E82-8C89-D2F31E85EEF2}.Debug|iPhoneSimulator.Build.0 = Debug|Any CPU
		{BE12C86A-5E55-4E82-8C89-D2F31E85EEF2}.Release|Any CPU.ActiveCfg = Release|Any CPU
		{BE12C86A-5E55-4E82-8C89-D2F31E85EEF2}.Release|Any CPU.Build.0 = Release|Any CPU
		{BE12C86A-5E55-4E82-8C89-D2F31E85EEF2}.Release|iPhone.ActiveCfg = Release|Any CPU
		{BE12C86A-5E55-4E82-8C89-D2F31E85EEF2}.Release|iPhone.Build.0 = Release|Any CPU
		{BE12C86A-5E55-4E82-8C89-D2F31E85EEF2}.Release|iPhoneSimulator.ActiveCfg = Release|Any CPU
		{BE12C86A-5E55-4E82-8C89-D2F31E85EEF2}.Release|iPhoneSimulator.Build.0 = Release|Any CPU
		{18693252-A91A-4DC8-8504-7A56B6AC5A07}.Debug|Any CPU.ActiveCfg = Debug|Any CPU
		{18693252-A91A-4DC8-8504-7A56B6AC5A07}.Debug|Any CPU.Build.0 = Debug|Any CPU
		{18693252-A91A-4DC8-8504-7A56B6AC5A07}.Debug|iPhone.ActiveCfg = Debug|Any CPU
		{18693252-A91A-4DC8-8504-7A56B6AC5A07}.Debug|iPhone.Build.0 = Debug|Any CPU
		{18693252-A91A-4DC8-8504-7A56B6AC5A07}.Debug|iPhoneSimulator.ActiveCfg = Debug|Any CPU
		{18693252-A91A-4DC8-8504-7A56B6AC5A07}.Debug|iPhoneSimulator.Build.0 = Debug|Any CPU
		{18693252-A91A-4DC8-8504-7A56B6AC5A07}.Release|Any CPU.ActiveCfg = Release|Any CPU
		{18693252-A91A-4DC8-8504-7A56B6AC5A07}.Release|Any CPU.Build.0 = Release|Any CPU
		{18693252-A91A-4DC8-8504-7A56B6AC5A07}.Release|iPhone.ActiveCfg = Release|Any CPU
		{18693252-A91A-4DC8-8504-7A56B6AC5A07}.Release|iPhone.Build.0 = Release|Any CPU
		{18693252-A91A-4DC8-8504-7A56B6AC5A07}.Release|iPhoneSimulator.ActiveCfg = Release|Any CPU
		{18693252-A91A-4DC8-8504-7A56B6AC5A07}.Release|iPhoneSimulator.Build.0 = Release|Any CPU
		{7E1349D9-2171-42AE-95FC-C4EE961D91F7}.Debug|Any CPU.ActiveCfg = Debug|Any CPU
		{7E1349D9-2171-42AE-95FC-C4EE961D91F7}.Debug|Any CPU.Build.0 = Debug|Any CPU
		{7E1349D9-2171-42AE-95FC-C4EE961D91F7}.Debug|iPhone.ActiveCfg = Debug|Any CPU
		{7E1349D9-2171-42AE-95FC-C4EE961D91F7}.Debug|iPhone.Build.0 = Debug|Any CPU
		{7E1349D9-2171-42AE-95FC-C4EE961D91F7}.Debug|iPhoneSimulator.ActiveCfg = Debug|Any CPU
		{7E1349D9-2171-42AE-95FC-C4EE961D91F7}.Debug|iPhoneSimulator.Build.0 = Debug|Any CPU
		{7E1349D9-2171-42AE-95FC-C4EE961D91F7}.Release|Any CPU.ActiveCfg = Release|Any CPU
		{7E1349D9-2171-42AE-95FC-C4EE961D91F7}.Release|Any CPU.Build.0 = Release|Any CPU
		{7E1349D9-2171-42AE-95FC-C4EE961D91F7}.Release|iPhone.ActiveCfg = Release|Any CPU
		{7E1349D9-2171-42AE-95FC-C4EE961D91F7}.Release|iPhone.Build.0 = Release|Any CPU
		{7E1349D9-2171-42AE-95FC-C4EE961D91F7}.Release|iPhoneSimulator.ActiveCfg = Release|Any CPU
		{7E1349D9-2171-42AE-95FC-C4EE961D91F7}.Release|iPhoneSimulator.Build.0 = Release|Any CPU
		{6BC4F772-3F26-4BF4-9B36-2E9A7CCCE4E9}.Debug|Any CPU.ActiveCfg = Debug|Any CPU
		{6BC4F772-3F26-4BF4-9B36-2E9A7CCCE4E9}.Debug|Any CPU.Build.0 = Debug|Any CPU
		{6BC4F772-3F26-4BF4-9B36-2E9A7CCCE4E9}.Debug|iPhone.ActiveCfg = Debug|Any CPU
		{6BC4F772-3F26-4BF4-9B36-2E9A7CCCE4E9}.Debug|iPhone.Build.0 = Debug|Any CPU
		{6BC4F772-3F26-4BF4-9B36-2E9A7CCCE4E9}.Debug|iPhoneSimulator.ActiveCfg = Debug|Any CPU
		{6BC4F772-3F26-4BF4-9B36-2E9A7CCCE4E9}.Debug|iPhoneSimulator.Build.0 = Debug|Any CPU
		{6BC4F772-3F26-4BF4-9B36-2E9A7CCCE4E9}.Release|Any CPU.ActiveCfg = Release|Any CPU
		{6BC4F772-3F26-4BF4-9B36-2E9A7CCCE4E9}.Release|Any CPU.Build.0 = Release|Any CPU
		{6BC4F772-3F26-4BF4-9B36-2E9A7CCCE4E9}.Release|iPhone.ActiveCfg = Release|Any CPU
		{6BC4F772-3F26-4BF4-9B36-2E9A7CCCE4E9}.Release|iPhone.Build.0 = Release|Any CPU
		{6BC4F772-3F26-4BF4-9B36-2E9A7CCCE4E9}.Release|iPhoneSimulator.ActiveCfg = Release|Any CPU
		{6BC4F772-3F26-4BF4-9B36-2E9A7CCCE4E9}.Release|iPhoneSimulator.Build.0 = Release|Any CPU
		{3D4AEEF7-42B0-4403-830E-D94FB80707B5}.Debug|Any CPU.ActiveCfg = Debug|Any CPU
		{3D4AEEF7-42B0-4403-830E-D94FB80707B5}.Debug|Any CPU.Build.0 = Debug|Any CPU
		{3D4AEEF7-42B0-4403-830E-D94FB80707B5}.Debug|iPhone.ActiveCfg = Debug|Any CPU
		{3D4AEEF7-42B0-4403-830E-D94FB80707B5}.Debug|iPhone.Build.0 = Debug|Any CPU
		{3D4AEEF7-42B0-4403-830E-D94FB80707B5}.Debug|iPhoneSimulator.ActiveCfg = Debug|Any CPU
		{3D4AEEF7-42B0-4403-830E-D94FB80707B5}.Debug|iPhoneSimulator.Build.0 = Debug|Any CPU
		{3D4AEEF7-42B0-4403-830E-D94FB80707B5}.Release|Any CPU.ActiveCfg = Release|Any CPU
		{3D4AEEF7-42B0-4403-830E-D94FB80707B5}.Release|Any CPU.Build.0 = Release|Any CPU
		{3D4AEEF7-42B0-4403-830E-D94FB80707B5}.Release|iPhone.ActiveCfg = Release|Any CPU
		{3D4AEEF7-42B0-4403-830E-D94FB80707B5}.Release|iPhone.Build.0 = Release|Any CPU
		{3D4AEEF7-42B0-4403-830E-D94FB80707B5}.Release|iPhoneSimulator.ActiveCfg = Release|Any CPU
		{3D4AEEF7-42B0-4403-830E-D94FB80707B5}.Release|iPhoneSimulator.Build.0 = Release|Any CPU
		{9505FAB8-BAE2-46C6-A6B4-029A632E7719}.Debug|Any CPU.ActiveCfg = Debug|Any CPU
		{9505FAB8-BAE2-46C6-A6B4-029A632E7719}.Debug|Any CPU.Build.0 = Debug|Any CPU
		{9505FAB8-BAE2-46C6-A6B4-029A632E7719}.Debug|iPhone.ActiveCfg = Debug|Any CPU
		{9505FAB8-BAE2-46C6-A6B4-029A632E7719}.Debug|iPhone.Build.0 = Debug|Any CPU
		{9505FAB8-BAE2-46C6-A6B4-029A632E7719}.Debug|iPhoneSimulator.ActiveCfg = Debug|Any CPU
		{9505FAB8-BAE2-46C6-A6B4-029A632E7719}.Debug|iPhoneSimulator.Build.0 = Debug|Any CPU
		{9505FAB8-BAE2-46C6-A6B4-029A632E7719}.Release|Any CPU.ActiveCfg = Release|Any CPU
		{9505FAB8-BAE2-46C6-A6B4-029A632E7719}.Release|Any CPU.Build.0 = Release|Any CPU
		{9505FAB8-BAE2-46C6-A6B4-029A632E7719}.Release|iPhone.ActiveCfg = Release|Any CPU
		{9505FAB8-BAE2-46C6-A6B4-029A632E7719}.Release|iPhone.Build.0 = Release|Any CPU
		{9505FAB8-BAE2-46C6-A6B4-029A632E7719}.Release|iPhoneSimulator.ActiveCfg = Release|Any CPU
		{9505FAB8-BAE2-46C6-A6B4-029A632E7719}.Release|iPhoneSimulator.Build.0 = Release|Any CPU
		{6EA60C73-67A0-40BD-AB49-5D4B89CF7CAA}.Debug|Any CPU.ActiveCfg = Debug|Any CPU
		{6EA60C73-67A0-40BD-AB49-5D4B89CF7CAA}.Debug|Any CPU.Build.0 = Debug|Any CPU
		{6EA60C73-67A0-40BD-AB49-5D4B89CF7CAA}.Debug|iPhone.ActiveCfg = Debug|Any CPU
		{6EA60C73-67A0-40BD-AB49-5D4B89CF7CAA}.Debug|iPhone.Build.0 = Debug|Any CPU
		{6EA60C73-67A0-40BD-AB49-5D4B89CF7CAA}.Debug|iPhoneSimulator.ActiveCfg = Debug|Any CPU
		{6EA60C73-67A0-40BD-AB49-5D4B89CF7CAA}.Debug|iPhoneSimulator.Build.0 = Debug|Any CPU
		{6EA60C73-67A0-40BD-AB49-5D4B89CF7CAA}.Release|Any CPU.ActiveCfg = Release|Any CPU
		{6EA60C73-67A0-40BD-AB49-5D4B89CF7CAA}.Release|Any CPU.Build.0 = Release|Any CPU
		{6EA60C73-67A0-40BD-AB49-5D4B89CF7CAA}.Release|iPhone.ActiveCfg = Release|Any CPU
		{6EA60C73-67A0-40BD-AB49-5D4B89CF7CAA}.Release|iPhone.Build.0 = Release|Any CPU
		{6EA60C73-67A0-40BD-AB49-5D4B89CF7CAA}.Release|iPhoneSimulator.ActiveCfg = Release|Any CPU
		{6EA60C73-67A0-40BD-AB49-5D4B89CF7CAA}.Release|iPhoneSimulator.Build.0 = Release|Any CPU
		{DAB78BA2-62E2-49C5-8D56-9E5B52D7AB10}.Debug|Any CPU.ActiveCfg = Debug|Any CPU
		{DAB78BA2-62E2-49C5-8D56-9E5B52D7AB10}.Debug|Any CPU.Build.0 = Debug|Any CPU
		{DAB78BA2-62E2-49C5-8D56-9E5B52D7AB10}.Debug|iPhone.ActiveCfg = Debug|Any CPU
		{DAB78BA2-62E2-49C5-8D56-9E5B52D7AB10}.Debug|iPhone.Build.0 = Debug|Any CPU
		{DAB78BA2-62E2-49C5-8D56-9E5B52D7AB10}.Debug|iPhoneSimulator.ActiveCfg = Debug|Any CPU
		{DAB78BA2-62E2-49C5-8D56-9E5B52D7AB10}.Debug|iPhoneSimulator.Build.0 = Debug|Any CPU
		{DAB78BA2-62E2-49C5-8D56-9E5B52D7AB10}.Release|Any CPU.ActiveCfg = Release|Any CPU
		{DAB78BA2-62E2-49C5-8D56-9E5B52D7AB10}.Release|Any CPU.Build.0 = Release|Any CPU
		{DAB78BA2-62E2-49C5-8D56-9E5B52D7AB10}.Release|iPhone.ActiveCfg = Release|Any CPU
		{DAB78BA2-62E2-49C5-8D56-9E5B52D7AB10}.Release|iPhone.Build.0 = Release|Any CPU
		{DAB78BA2-62E2-49C5-8D56-9E5B52D7AB10}.Release|iPhoneSimulator.ActiveCfg = Release|Any CPU
		{DAB78BA2-62E2-49C5-8D56-9E5B52D7AB10}.Release|iPhoneSimulator.Build.0 = Release|Any CPU
		{6EF64071-4056-4F78-BA78-7F75C923EA62}.Debug|Any CPU.ActiveCfg = Debug|Any CPU
		{6EF64071-4056-4F78-BA78-7F75C923EA62}.Debug|Any CPU.Build.0 = Debug|Any CPU
		{6EF64071-4056-4F78-BA78-7F75C923EA62}.Debug|Any CPU.Deploy.0 = Debug|Any CPU
		{6EF64071-4056-4F78-BA78-7F75C923EA62}.Debug|iPhone.ActiveCfg = Debug|Any CPU
		{6EF64071-4056-4F78-BA78-7F75C923EA62}.Debug|iPhone.Build.0 = Debug|Any CPU
		{6EF64071-4056-4F78-BA78-7F75C923EA62}.Debug|iPhone.Deploy.0 = Debug|Any CPU
		{6EF64071-4056-4F78-BA78-7F75C923EA62}.Debug|iPhoneSimulator.ActiveCfg = Debug|Any CPU
		{6EF64071-4056-4F78-BA78-7F75C923EA62}.Debug|iPhoneSimulator.Build.0 = Debug|Any CPU
		{6EF64071-4056-4F78-BA78-7F75C923EA62}.Debug|iPhoneSimulator.Deploy.0 = Debug|Any CPU
		{6EF64071-4056-4F78-BA78-7F75C923EA62}.Release|Any CPU.ActiveCfg = Release|Any CPU
		{6EF64071-4056-4F78-BA78-7F75C923EA62}.Release|Any CPU.Build.0 = Release|Any CPU
		{6EF64071-4056-4F78-BA78-7F75C923EA62}.Release|Any CPU.Deploy.0 = Release|Any CPU
		{6EF64071-4056-4F78-BA78-7F75C923EA62}.Release|iPhone.ActiveCfg = Release|Any CPU
		{6EF64071-4056-4F78-BA78-7F75C923EA62}.Release|iPhone.Build.0 = Release|Any CPU
		{6EF64071-4056-4F78-BA78-7F75C923EA62}.Release|iPhone.Deploy.0 = Release|Any CPU
		{6EF64071-4056-4F78-BA78-7F75C923EA62}.Release|iPhoneSimulator.ActiveCfg = Release|Any CPU
		{6EF64071-4056-4F78-BA78-7F75C923EA62}.Release|iPhoneSimulator.Build.0 = Release|Any CPU
		{6EF64071-4056-4F78-BA78-7F75C923EA62}.Release|iPhoneSimulator.Deploy.0 = Release|Any CPU
		{1893F4F8-6B18-4BFB-BF35-D91150B8F380}.Debug|Any CPU.ActiveCfg = Debug|iPhone
		{1893F4F8-6B18-4BFB-BF35-D91150B8F380}.Debug|iPhone.ActiveCfg = Debug|iPhone
		{1893F4F8-6B18-4BFB-BF35-D91150B8F380}.Debug|iPhone.Build.0 = Debug|iPhone
		{1893F4F8-6B18-4BFB-BF35-D91150B8F380}.Debug|iPhoneSimulator.ActiveCfg = Debug|iPhoneSimulator
		{1893F4F8-6B18-4BFB-BF35-D91150B8F380}.Debug|iPhoneSimulator.Build.0 = Debug|iPhoneSimulator
		{1893F4F8-6B18-4BFB-BF35-D91150B8F380}.Release|Any CPU.ActiveCfg = Release|iPhone
		{1893F4F8-6B18-4BFB-BF35-D91150B8F380}.Release|iPhone.ActiveCfg = Release|iPhone
		{1893F4F8-6B18-4BFB-BF35-D91150B8F380}.Release|iPhone.Build.0 = Release|iPhone
		{1893F4F8-6B18-4BFB-BF35-D91150B8F380}.Release|iPhoneSimulator.ActiveCfg = Release|iPhoneSimulator
		{1893F4F8-6B18-4BFB-BF35-D91150B8F380}.Release|iPhoneSimulator.Build.0 = Release|iPhoneSimulator
		{103F023A-6BB3-467A-88EA-625839654C6F}.Debug|Any CPU.ActiveCfg = Debug|Any CPU
		{103F023A-6BB3-467A-88EA-625839654C6F}.Debug|Any CPU.Build.0 = Debug|Any CPU
		{103F023A-6BB3-467A-88EA-625839654C6F}.Debug|iPhone.ActiveCfg = Debug|Any CPU
		{103F023A-6BB3-467A-88EA-625839654C6F}.Debug|iPhone.Build.0 = Debug|Any CPU
		{103F023A-6BB3-467A-88EA-625839654C6F}.Debug|iPhoneSimulator.ActiveCfg = Debug|Any CPU
		{103F023A-6BB3-467A-88EA-625839654C6F}.Debug|iPhoneSimulator.Build.0 = Debug|Any CPU
		{103F023A-6BB3-467A-88EA-625839654C6F}.Release|Any CPU.ActiveCfg = Release|Any CPU
		{103F023A-6BB3-467A-88EA-625839654C6F}.Release|Any CPU.Build.0 = Release|Any CPU
		{103F023A-6BB3-467A-88EA-625839654C6F}.Release|iPhone.ActiveCfg = Release|Any CPU
		{103F023A-6BB3-467A-88EA-625839654C6F}.Release|iPhone.Build.0 = Release|Any CPU
		{103F023A-6BB3-467A-88EA-625839654C6F}.Release|iPhoneSimulator.ActiveCfg = Release|Any CPU
		{103F023A-6BB3-467A-88EA-625839654C6F}.Release|iPhoneSimulator.Build.0 = Release|Any CPU
		{567C49AE-2FDD-4B78-8640-5CABF25C01EA}.Debug|Any CPU.ActiveCfg = Debug|Any CPU
		{567C49AE-2FDD-4B78-8640-5CABF25C01EA}.Debug|Any CPU.Build.0 = Debug|Any CPU
		{567C49AE-2FDD-4B78-8640-5CABF25C01EA}.Debug|Any CPU.Deploy.0 = Debug|Any CPU
		{567C49AE-2FDD-4B78-8640-5CABF25C01EA}.Debug|iPhone.ActiveCfg = Debug|Any CPU
		{567C49AE-2FDD-4B78-8640-5CABF25C01EA}.Debug|iPhone.Build.0 = Debug|Any CPU
		{567C49AE-2FDD-4B78-8640-5CABF25C01EA}.Debug|iPhone.Deploy.0 = Debug|Any CPU
		{567C49AE-2FDD-4B78-8640-5CABF25C01EA}.Debug|iPhoneSimulator.ActiveCfg = Debug|Any CPU
		{567C49AE-2FDD-4B78-8640-5CABF25C01EA}.Debug|iPhoneSimulator.Build.0 = Debug|Any CPU
		{567C49AE-2FDD-4B78-8640-5CABF25C01EA}.Debug|iPhoneSimulator.Deploy.0 = Debug|Any CPU
		{567C49AE-2FDD-4B78-8640-5CABF25C01EA}.Release|Any CPU.ActiveCfg = Release|Any CPU
		{567C49AE-2FDD-4B78-8640-5CABF25C01EA}.Release|Any CPU.Build.0 = Release|Any CPU
		{567C49AE-2FDD-4B78-8640-5CABF25C01EA}.Release|Any CPU.Deploy.0 = Release|Any CPU
		{567C49AE-2FDD-4B78-8640-5CABF25C01EA}.Release|iPhone.ActiveCfg = Release|Any CPU
		{567C49AE-2FDD-4B78-8640-5CABF25C01EA}.Release|iPhone.Build.0 = Release|Any CPU
		{567C49AE-2FDD-4B78-8640-5CABF25C01EA}.Release|iPhone.Deploy.0 = Release|Any CPU
		{567C49AE-2FDD-4B78-8640-5CABF25C01EA}.Release|iPhoneSimulator.ActiveCfg = Release|Any CPU
		{567C49AE-2FDD-4B78-8640-5CABF25C01EA}.Release|iPhoneSimulator.Build.0 = Release|Any CPU
		{567C49AE-2FDD-4B78-8640-5CABF25C01EA}.Release|iPhoneSimulator.Deploy.0 = Release|Any CPU
		{5D7057D1-DBC5-4336-8A5E-ED621897FEEB}.Debug|Any CPU.ActiveCfg = Debug|iPhone
		{5D7057D1-DBC5-4336-8A5E-ED621897FEEB}.Debug|iPhone.ActiveCfg = Debug|iPhone
		{5D7057D1-DBC5-4336-8A5E-ED621897FEEB}.Debug|iPhone.Build.0 = Debug|iPhone
		{5D7057D1-DBC5-4336-8A5E-ED621897FEEB}.Debug|iPhoneSimulator.ActiveCfg = Debug|iPhoneSimulator
		{5D7057D1-DBC5-4336-8A5E-ED621897FEEB}.Debug|iPhoneSimulator.Build.0 = Debug|iPhoneSimulator
		{5D7057D1-DBC5-4336-8A5E-ED621897FEEB}.Release|Any CPU.ActiveCfg = Release|iPhone
		{5D7057D1-DBC5-4336-8A5E-ED621897FEEB}.Release|iPhone.ActiveCfg = Release|iPhone
		{5D7057D1-DBC5-4336-8A5E-ED621897FEEB}.Release|iPhone.Build.0 = Release|iPhone
		{5D7057D1-DBC5-4336-8A5E-ED621897FEEB}.Release|iPhoneSimulator.ActiveCfg = Release|iPhoneSimulator
		{5D7057D1-DBC5-4336-8A5E-ED621897FEEB}.Release|iPhoneSimulator.Build.0 = Release|iPhoneSimulator
		{A046074A-55E6-4250-96C8-D305CE27BE09}.Debug|Any CPU.ActiveCfg = Debug|Any CPU
		{A046074A-55E6-4250-96C8-D305CE27BE09}.Debug|Any CPU.Build.0 = Debug|Any CPU
		{A046074A-55E6-4250-96C8-D305CE27BE09}.Debug|iPhone.ActiveCfg = Debug|Any CPU
		{A046074A-55E6-4250-96C8-D305CE27BE09}.Debug|iPhone.Build.0 = Debug|Any CPU
		{A046074A-55E6-4250-96C8-D305CE27BE09}.Debug|iPhoneSimulator.ActiveCfg = Debug|Any CPU
		{A046074A-55E6-4250-96C8-D305CE27BE09}.Debug|iPhoneSimulator.Build.0 = Debug|Any CPU
		{A046074A-55E6-4250-96C8-D305CE27BE09}.Release|Any CPU.ActiveCfg = Release|Any CPU
		{A046074A-55E6-4250-96C8-D305CE27BE09}.Release|Any CPU.Build.0 = Release|Any CPU
		{A046074A-55E6-4250-96C8-D305CE27BE09}.Release|iPhone.ActiveCfg = Release|Any CPU
		{A046074A-55E6-4250-96C8-D305CE27BE09}.Release|iPhone.Build.0 = Release|Any CPU
		{A046074A-55E6-4250-96C8-D305CE27BE09}.Release|iPhoneSimulator.ActiveCfg = Release|Any CPU
		{A046074A-55E6-4250-96C8-D305CE27BE09}.Release|iPhoneSimulator.Build.0 = Release|Any CPU
		{203BFE8C-AAEE-4148-A696-E1ABEF7CBDED}.Debug|Any CPU.ActiveCfg = Debug|Any CPU
		{203BFE8C-AAEE-4148-A696-E1ABEF7CBDED}.Debug|Any CPU.Build.0 = Debug|Any CPU
		{203BFE8C-AAEE-4148-A696-E1ABEF7CBDED}.Debug|iPhone.ActiveCfg = Debug|Any CPU
		{203BFE8C-AAEE-4148-A696-E1ABEF7CBDED}.Debug|iPhone.Build.0 = Debug|Any CPU
		{203BFE8C-AAEE-4148-A696-E1ABEF7CBDED}.Debug|iPhoneSimulator.ActiveCfg = Debug|Any CPU
		{203BFE8C-AAEE-4148-A696-E1ABEF7CBDED}.Debug|iPhoneSimulator.Build.0 = Debug|Any CPU
		{203BFE8C-AAEE-4148-A696-E1ABEF7CBDED}.Release|Any CPU.ActiveCfg = Release|Any CPU
		{203BFE8C-AAEE-4148-A696-E1ABEF7CBDED}.Release|Any CPU.Build.0 = Release|Any CPU
		{203BFE8C-AAEE-4148-A696-E1ABEF7CBDED}.Release|iPhone.ActiveCfg = Release|Any CPU
		{203BFE8C-AAEE-4148-A696-E1ABEF7CBDED}.Release|iPhone.Build.0 = Release|Any CPU
		{203BFE8C-AAEE-4148-A696-E1ABEF7CBDED}.Release|iPhoneSimulator.ActiveCfg = Release|Any CPU
		{203BFE8C-AAEE-4148-A696-E1ABEF7CBDED}.Release|iPhoneSimulator.Build.0 = Release|Any CPU
		{EB2D4844-2D40-4A79-A344-4D8C6164C8E7}.Debug|Any CPU.ActiveCfg = Debug|Any CPU
		{EB2D4844-2D40-4A79-A344-4D8C6164C8E7}.Debug|Any CPU.Build.0 = Debug|Any CPU
		{EB2D4844-2D40-4A79-A344-4D8C6164C8E7}.Debug|iPhone.ActiveCfg = Debug|Any CPU
		{EB2D4844-2D40-4A79-A344-4D8C6164C8E7}.Debug|iPhone.Build.0 = Debug|Any CPU
		{EB2D4844-2D40-4A79-A344-4D8C6164C8E7}.Debug|iPhoneSimulator.ActiveCfg = Debug|Any CPU
		{EB2D4844-2D40-4A79-A344-4D8C6164C8E7}.Debug|iPhoneSimulator.Build.0 = Debug|Any CPU
		{EB2D4844-2D40-4A79-A344-4D8C6164C8E7}.Release|Any CPU.ActiveCfg = Release|Any CPU
		{EB2D4844-2D40-4A79-A344-4D8C6164C8E7}.Release|Any CPU.Build.0 = Release|Any CPU
		{EB2D4844-2D40-4A79-A344-4D8C6164C8E7}.Release|iPhone.ActiveCfg = Release|Any CPU
		{EB2D4844-2D40-4A79-A344-4D8C6164C8E7}.Release|iPhone.Build.0 = Release|Any CPU
		{EB2D4844-2D40-4A79-A344-4D8C6164C8E7}.Release|iPhoneSimulator.ActiveCfg = Release|Any CPU
		{EB2D4844-2D40-4A79-A344-4D8C6164C8E7}.Release|iPhoneSimulator.Build.0 = Release|Any CPU
		{C9D02DB5-6DCA-4C03-939C-238814A69A65}.Debug|Any CPU.ActiveCfg = Debug|Any CPU
		{C9D02DB5-6DCA-4C03-939C-238814A69A65}.Debug|Any CPU.Build.0 = Debug|Any CPU
		{C9D02DB5-6DCA-4C03-939C-238814A69A65}.Debug|iPhone.ActiveCfg = Debug|Any CPU
		{C9D02DB5-6DCA-4C03-939C-238814A69A65}.Debug|iPhone.Build.0 = Debug|Any CPU
		{C9D02DB5-6DCA-4C03-939C-238814A69A65}.Debug|iPhoneSimulator.ActiveCfg = Debug|Any CPU
		{C9D02DB5-6DCA-4C03-939C-238814A69A65}.Debug|iPhoneSimulator.Build.0 = Debug|Any CPU
		{C9D02DB5-6DCA-4C03-939C-238814A69A65}.Release|Any CPU.ActiveCfg = Release|Any CPU
		{C9D02DB5-6DCA-4C03-939C-238814A69A65}.Release|Any CPU.Build.0 = Release|Any CPU
		{C9D02DB5-6DCA-4C03-939C-238814A69A65}.Release|iPhone.ActiveCfg = Release|Any CPU
		{C9D02DB5-6DCA-4C03-939C-238814A69A65}.Release|iPhone.Build.0 = Release|Any CPU
		{C9D02DB5-6DCA-4C03-939C-238814A69A65}.Release|iPhoneSimulator.ActiveCfg = Release|Any CPU
		{C9D02DB5-6DCA-4C03-939C-238814A69A65}.Release|iPhoneSimulator.Build.0 = Release|Any CPU
		{BFEFB8D5-F879-4DF5-8844-F1A750013735}.Debug|Any CPU.ActiveCfg = Debug
		{BFEFB8D5-F879-4DF5-8844-F1A750013735}.Debug|iPhone.ActiveCfg = Debug
		{BFEFB8D5-F879-4DF5-8844-F1A750013735}.Debug|iPhoneSimulator.ActiveCfg = Debug
		{BFEFB8D5-F879-4DF5-8844-F1A750013735}.Release|Any CPU.ActiveCfg = Release
		{BFEFB8D5-F879-4DF5-8844-F1A750013735}.Release|iPhone.ActiveCfg = Release
		{BFEFB8D5-F879-4DF5-8844-F1A750013735}.Release|iPhoneSimulator.ActiveCfg = Release
		{C8F50D5D-1204-4AF0-BBDC-D50B9691ABBB}.Debug|Any CPU.ActiveCfg = Debug|Any CPU
		{C8F50D5D-1204-4AF0-BBDC-D50B9691ABBB}.Debug|Any CPU.Build.0 = Debug|Any CPU
		{C8F50D5D-1204-4AF0-BBDC-D50B9691ABBB}.Debug|iPhone.ActiveCfg = Debug|Any CPU
		{C8F50D5D-1204-4AF0-BBDC-D50B9691ABBB}.Debug|iPhone.Build.0 = Debug|Any CPU
		{C8F50D5D-1204-4AF0-BBDC-D50B9691ABBB}.Debug|iPhoneSimulator.ActiveCfg = Debug|Any CPU
		{C8F50D5D-1204-4AF0-BBDC-D50B9691ABBB}.Debug|iPhoneSimulator.Build.0 = Debug|Any CPU
		{C8F50D5D-1204-4AF0-BBDC-D50B9691ABBB}.Release|Any CPU.ActiveCfg = Release|Any CPU
		{C8F50D5D-1204-4AF0-BBDC-D50B9691ABBB}.Release|Any CPU.Build.0 = Release|Any CPU
		{C8F50D5D-1204-4AF0-BBDC-D50B9691ABBB}.Release|iPhone.ActiveCfg = Release|Any CPU
		{C8F50D5D-1204-4AF0-BBDC-D50B9691ABBB}.Release|iPhone.Build.0 = Release|Any CPU
		{C8F50D5D-1204-4AF0-BBDC-D50B9691ABBB}.Release|iPhoneSimulator.ActiveCfg = Release|Any CPU
		{C8F50D5D-1204-4AF0-BBDC-D50B9691ABBB}.Release|iPhoneSimulator.Build.0 = Release|Any CPU
	EndGlobalSection
	GlobalSection(SolutionProperties) = preSolution
		HideSolutionNode = FALSE
	EndGlobalSection
	GlobalSection(ExtensibilityGlobals) = postSolution
		SolutionGuid = {70578E85-BD52-4A3A-B9F5-2DC9C072F6FE}
	EndGlobalSection
EndGlobal
